{
  "nodes": {
    "mauniumStickerpicker": {
      "flake": false,
      "locked": {
        "lastModified": 1668509918,
        "narHash": "sha256-5Kbok9vJIlOti+ikpJXv2skdADhQQTjX5mVmBTM0wGU=",
        "owner": "maunium",
        "repo": "stickerpicker",
        "rev": "f59406a47a6778cd402e656ffb64f667335f665a",
        "type": "github"
      },
      "original": {
        "owner": "maunium",
        "repo": "stickerpicker",
        "type": "github"
      }
    },
    "nixpkgs": {
      "locked": {
        "lastModified": 1690630041,
        "narHash": "sha256-gbnvqm5goS9DSKAqGFpq3398aOpwejmq4qWikqmQyRo=",
        "owner": "NixOS",
        "repo": "nixpkgs",
        "rev": "d57e8c535d4cbb07f441c30988ce52eec69db7a8",
        "type": "github"
      },
      "original": {
        "id": "nixpkgs",
        "ref": "nixos-23.05",
        "type": "indirect"
      }
    },
    "root": {
      "inputs": {
        "mauniumStickerpicker": "mauniumStickerpicker",
        "nixpkgs": "nixpkgs"
      }
    }
  },
  "root": "root",
  "version": 7
}
